{
  "name": "ofogh-kourosh-store-locator",
  "version": "1.0.0",
  "lockfileVersion": 3,
  "requires": true,
  "packages": {
    "": {
      "name": "ofogh-kourosh-store-locator",
      "version": "1.0.0",
      "dependencies": {
        "@webjsdev/core": "0.7.53",
        "@webjsdev/server": "0.8.66",
        "leaflet": "1.9.4"
      },
      "devDependencies": {
        "@types/leaflet": "1.9.22",
        "@webjsdev/cli": "0.10.57"
      },
      "engines": {
        "node": ">=24"
      }
    },
    "node_modules/@types/geojson": {
      "version": "7946.0.16",
      "resolved": "https://registry.npmjs.org/@types/geojson/-/geojson-7946.0.16.tgz",
      "integrity": "sha512-6C8nqWur3j98U6+lXDfTUWIfgvZU+EumvpHKcYjujKH7woYyLj2sUmff0tRhrqM7BohUw7Pz3ZB1jj2gW9Fvmg==",
      "dev": true,
      "license": "MIT"
    },
    "node_modules/@types/leaflet": {
      "version": "1.9.22",
      "resolved": "https://registry.npmjs.org/@types/leaflet/-/leaflet-1.9.22.tgz",
      "integrity": "sha512-h3lhECYEKDasG7LFHu+GiHqAvsgLuQvlJvVZzJDGONo3sEL+wUOqSFLnwkZlK0qVxnxbuGFW8iBlJNYs5wgndA==",
      "dev": true,
      "license": "MIT",
      "dependencies": {
        "@types/geojson": "*"
      }
    },
    "node_modules/@webjsdev/cli": {
      "version": "0.10.57",
      "resolved": "https://registry.npmjs.org/@webjsdev/cli/-/cli-0.10.57.tgz",
      "integrity": "sha512-S6kkXjpxe8Z3fuYKBkrCvvJpkNeIPO4VLiY7FfTVnqE8njx2Z2Czh+xZ9MXf2BjE4UebF7e77JURi7apVwpYSw==",
      "dev": true,
      "license": "MIT",
      "dependencies": {
        "@webjsdev/mcp": "^0.1.0",
        "@webjsdev/server": "^0.8.0",
        "@webjsdev/ui": "^0.3.1"
      },
      "bin": {
        "webjs": "bin/webjs.js"
      },
      "engines": {
        "node": ">=24.0.0"
      }
    },
    "node_modules/@webjsdev/core": {
      "version": "0.7.53",
      "resolved": "https://registry.npmjs.org/@webjsdev/core/-/core-0.7.53.tgz",
      "integrity": "sha512-Matc2vOVlkWCEnStTn7/aBg6PLHcbt8y5VsfRrn4Opxn890bQ9TSBLveb7tr5c6fEgISeJcFa5ng5Jc4ix6rxw==",
      "license": "MIT"
    },
    "node_modules/@webjsdev/mcp": {
      "version": "0.1.14",
      "resolved": "https://registry.npmjs.org/@webjsdev/mcp/-/mcp-0.1.14.tgz",
      "integrity": "sha512-3jY9N7Jne2XtjWGhr/FEoIu3OGUYnsQtU4VX+Xs/5Wmytm6Jxojf18KHqhoD6YdiRsCmGnJ8k/T571TSmXl6WA==",
      "dev": true,
      "license": "MIT",
      "dependencies": {
        "@webjsdev/server": "^0.8.0",
        "@webjsdev/ui": "^0.3.9"
      },
      "bin": {
        "webjs-mcp": "bin/webjs-mcp.js"
      },
      "engines": {
        "node": ">=24.0.0"
      }
    },
    "node_modules/@webjsdev/server": {
      "version": "0.8.66",
      "resolved": "https://registry.npmjs.org/@webjsdev/server/-/server-0.8.66.tgz",
      "integrity": "sha512-B5hRP1Q/GyFPrNZuN86pEPpIzymjnUQbrCGy3ac8q8At3WcKUJ/XMr4FV5AJf131ATpPVdQ917SDiTp3D0bQMA==",
      "license": "MIT",
      "dependencies": {
        "ws": "^8.20.0"
      },
      "engines": {
        "node": ">=24.0.0"
      },
      "optionalDependencies": {
        "amaro": "^1.1.10"
      },
      "peerDependencies": {
        "@webjsdev/core": "^0.7.51"
      }
    },
    "node_modules/@webjsdev/ui": {
      "version": "0.3.15",
      "resolved": "https://registry.npmjs.org/@webjsdev/ui/-/ui-0.3.15.tgz",
      "integrity": "sha512-/alDWHj83Ia6+BGm0ZUOGYfLU87bncN3NFT3cWUt0G8cv2lHdBEP4RNoIFQtQMxduhZ57DaPUKJWmTrnCgRh9A==",
      "dev": true,
      "license": "MIT",
      "dependencies": {
        "commander": "^14.0.0",
        "kleur": "^4.1.5",
        "prompts": "^2.4.2",
        "zod": "^3.24.1"
      },
      "bin": {
        "webjsui": "bin/webjsui.js"
      }
    },
    "node_modules/amaro": {
      "version": "1.2.1",
      "resolved": "https://registry.npmjs.org/amaro/-/amaro-1.2.1.tgz",
      "integrity": "sha512-RXNB1/mbpbpwr4mVlQgYZVdY4CHl7rFExwov+XOTWfghpsM1s2sD/5u4oTQkKL4Pt0BGNIExSVjRcLMjcytIDQ==",
      "license": "MIT",
      "optional": true,
      "engines": {
        "node": ">=22"
      }
    },
    "node_modules/commander": {
      "version": "14.0.3",
      "resolved": "https://registry.npmjs.org/commander/-/commander-14.0.3.tgz",
      "integrity": "sha512-H+y0Jo/T1RZ9qPP4Eh1pkcQcLRglraJaSLoyOtHxu6AapkjWVCy2Sit1QQ4x3Dng8qDlSsZEet7g5Pq06MvTgw==",
      "dev": true,
      "license": "MIT",
      "engines": {
        "node": ">=20"
      }
    },
    "node_modules/kleur": {
      "version": "4.1.5",
      "resolved": "https://registry.npmjs.org/kleur/-/kleur-4.1.5.tgz",
      "integrity": "sha512-o+NO+8WrRiQEE4/7nwRJhN1HWpVmJm511pBHUxPLtp0BUISzlBplORYSmTclCnJvQq2tKu/sgl3xVpkc7ZWuQQ==",
      "dev": true,
      "license": "MIT",
      "engines": {
        "node": ">=6"
      }
    },
    "node_modules/leaflet": {
      "version": "1.9.4",
      "resolved": "https://registry.npmjs.org/leaflet/-/leaflet-1.9.4.tgz",
      "integrity": "sha512-nxS1ynzJOmOlHp+iL3FyWqK89GtNL8U8rvlMOsQdTTssxZwCXh8N2NB3GDQOL+YR3XnWyZAxwQixURb+FA74PA==",
      "license": "BSD-2-Clause"
    },
    "node_modules/prompts": {
      "version": "2.4.2",
      "resolved": "https://registry.npmjs.org/prompts/-/prompts-2.4.2.tgz",
      "integrity": "sha512-NxNv/kLguCA7p3jE8oL2aEBsrJWgAakBpgmgK6lpPWV+WuOmY6r2/zbAVnP+T8bQlA0nzHXSJSJW0Hq7ylaD2Q==",
      "dev": true,
      "license": "MIT",
      "dependencies": {
        "kleur": "^3.0.3",
        "sisteransi": "^1.0.5"
      },
      "engines": {
        "node": ">= 6"
      }
    },
    "node_modules/prompts/node_modules/kleur": {
      "version": "3.0.3",
      "resolved": "https://registry.npmjs.org/kleur/-/kleur-3.0.3.tgz",
      "integrity": "sha512-eTIzlVOSUR+JxdDFepEYcBMtZ9Qqdef+rnzWdRZuMbOywu5tO2w2N7rqjoANZ5k9vywhL6Br1VRjUIgTQx4E8w==",
      "dev": true,
      "license": "MIT",
      "engines": {
        "node": ">=6"
      }
    },
    "node_modules/sisteransi": {
      "version": "1.0.5",
      "resolved": "https://registry.npmjs.org/sisteransi/-/sisteransi-1.0.5.tgz",
      "integrity": "sha512-bLGGlR1QxBcynn2d5YmDX4MGjlZvy2MRBDRNHLJ8VI6l6+9FUiyTFNJ0IveOSP0bcXgVDPRcfGqA0pjaqUpfVg==",
      "dev": true,
      "license": "MIT"
    },
    "node_modules/ws": {
      "version": "8.22.0",
      "resolved": "https://registry.npmjs.org/ws/-/ws-8.22.0.tgz",
      "integrity": "sha512-Ydggc987+RO0AnWtZ/7Wq9FtNvcrL1b/RO0ud9mWjUPgDrsAAwQSF51sm2hm1XofbU/4jkpGEsLFsZZxU+1DOg==",
      "license": "MIT",
      "engines": {
        "node": ">=10.0.0"
      },
      "peerDependencies": {
        "bufferutil": "^4.0.1",
        "utf-8-validate": ">=5.0.2"
      },
      "peerDependenciesMeta": {
        "bufferutil": {
          "optional": true
        },
        "utf-8-validate": {
          "optional": true
        }
      }
    },
    "node_modules/zod": {
      "version": "3.25.76",
      "resolved": "https://registry.npmjs.org/zod/-/zod-3.25.76.tgz",
      "integrity": "sha512-gzUt/qt81nXsFGKIFcC3YnfEAx5NkunCfnDlvuBSSFS02bcXu4Lmea0AFIUwbLWxWPx3d9p8S5QoaujKcNQxcQ==",
      "dev": true,
      "license": "MIT",
      "funding": {
        "url": "https://github.com/sponsors/colinhacks"
      }
    }
  }
}
